
Microsoft Visual Studio Solution File, Format Version 12.00
# Visual Studio Version 16
VisualStudioVersion = 16.0.33328.57
MinimumVisualStudioVersion = 10.0.40219.1
Project("{2150E333-8FDC-42A3-9474-1A3956D46DE8}") = "Lab1", "Lab1", "{DC7FED7E-34BE-4226-BB67-7CF617318217}"
EndProject
Project("{8BC9CEB8-8B4A-11D0-8D11-00A0C91BC942}") = "part5", "parts\part5\part5.vcxproj", "{09ABB5B7-FCF9-4B8B-BEDF-7E610DFD8C2C}"
EndProject
Project("{8BC9CEB8-8B4A-11D0-8D11-00A0C91BC942}") = "part1", "parts\part1\part1.vcxproj", "{1A9E6C96-9FC1-4CCC-BEFC-783C830579F3}"
EndProject
Project("{8BC9CEB8-8B4A-11D0-8D11-00A0C91BC942}") = "part2", "parts\part2\part2.vcxproj", "{CC80644B-BDDC-41B2-97C5-7A4924398033}"
EndProject
Project("{8BC9CEB8-8B4A-11D0-8D11-00A0C91BC942}") = "part3", "parts\part3\part3.vcxproj", "{795B0B33-E423-4EDB-8455-D885ACF4DC9B}"
EndProject
Project("{8BC9CEB8-8B4A-11D0-8D11-00A0C91BC942}") = "part4", "parts\part4\part4.vcxproj", "{6ED6AB87-D6ED-45F1-93D0-A0167999A804}"
EndProject
Project("{8BC9CEB8-8B4A-11D0-8D11-00A0C91BC942}") = "part6", "parts\part6\part6.vcxproj", "{2B9AB897-6825-4B89-BE78-F0FADD4294B7}"
EndProject
Project("{2150E333-8FDC-42A3-9474-1A3956D46DE8}") = "Lab2", "Lab2", "{E835DBAD-220D-4E34-ABA8-1F198EEFF239}"
EndProject
Project("{8BC9CEB8-8B4A-11D0-8D11-00A0C91BC942}") = "part1", "lab2_parts\part1\part1.vcxproj", "{12134FF2-BCDF-4A53-9A12-E938E1A7F5CB}"
EndProject
Project("{8BC9CEB8-8B4A-11D0-8D11-00A0C91BC942}") = "part2", "lab2_parts\part2\part2.vcxproj", "{1E1C4675-6CD8-4F84-92E9-35687CBC5EBB}"
EndProject
Project("{8BC9CEB8-8B4A-11D0-8D11-00A0C91BC942}") = "part3", "lab2_parts\part3\part3.vcxproj", "{484E2B8F-5A02-420E-BF50-1934A843E43B}"
EndProject
Project("{8BC9CEB8-8B4A-11D0-8D11-00A0C91BC942}") = "part4", "lab2_parts\part4\part4.vcxproj", "{A8C055F1-F6FD-46D6-8D83-5281F5A07A1C}"
EndProject
Project("{8BC9CEB8-8B4A-11D0-8D11-00A0C91BC942}") = "part5", "lab2_parts\part5\part5.vcxproj", "{981467B3-CE4A-4B28-8925-47B5B940A25C}"
EndProject
Project("{8BC9CEB8-8B4A-11D0-8D11-00A0C91BC942}") = "part6", "lab2_parts\part6\part6.vcxproj", "{A5ED8B71-D28D-4A01-81A8-0255A8D5E07E}"
EndProject
Project("{8BC9CEB8-8B4A-11D0-8D11-00A0C91BC942}") = "part7", "lab2_parts\part7\part7.vcxproj", "{82AF16A1-E7CF-4E2E-9199-D73CB5EB3218}"
EndProject
Project("{2150E333-8FDC-42A3-9474-1A3956D46DE8}") = "Lab3", "Lab3", "{78A0C13E-7BEA-40D7-BDDB-DB4D1AC2CD32}"
EndProject
Project("{8BC9CEB8-8B4A-11D0-8D11-00A0C91BC942}") = "part1", "lab3_parts\part1\part1.vcxproj", "{E2426C08-2C6C-44C8-A0BA-3F7F2E96E624}"
EndProject
Project("{8BC9CEB8-8B4A-11D0-8D11-00A0C91BC942}") = "part2", "lab3_parts\part2\part2.vcxproj", "{B651DD84-6659-4D1D-87A2-6568598E5A66}"
EndProject
Project("{8BC9CEB8-8B4A-11D0-8D11-00A0C91BC942}") = "part3", "lab3_parts\part3\part3.vcxproj", "{92B86DDB-64A1-4721-8E16-39BE90FE600D}"
EndProject
Project("{8BC9CEB8-8B4A-11D0-8D11-00A0C91BC942}") = "part4", "lab3_parts\part4\part4.vcxproj", "{3CE61F70-6577-4719-8D71-330446F5D8C9}"
EndProject
Project("{2150E333-8FDC-42A3-9474-1A3956D46DE8}") = "Lab4", "Lab4", "{607C17C0-4064-4261-AF4B-00F73F34F94C}"
EndProject
Project("{8BC9CEB8-8B4A-11D0-8D11-00A0C91BC942}") = "part1", "lab4_parts\part1\part1.vcxproj", "{C5C2F34A-C897-4D7C-9409-C5C3F8D3F584}"
EndProject
Project("{2150E333-8FDC-42A3-9474-1A3956D46DE8}") = "Lab5", "Lab5", "{D3DE6D73-43DC-40A9-BBE6-84778F99A54D}"
EndProject
Project("{8BC9CEB8-8B4A-11D0-8D11-00A0C91BC942}") = "part1", "lab5_parts\part1\part1.vcxproj", "{0CD34B62-B2BA-4D94-9D0D-8D2A86900399}"
EndProject
Project("{8BC9CEB8-8B4A-11D0-8D11-00A0C91BC942}") = "part2", "lab5_parts\part2\part2.vcxproj", "{B0C6C585-23A4-45D6-8862-F4F86BB3C3D6}"
EndProject
Project("{8BC9CEB8-8B4A-11D0-8D11-00A0C91BC942}") = "part3", "lab5_parts\part3\part3.vcxproj", "{134EE2F7-31E7-4413-BF85-90F525762F23}"
EndProject
Project("{8BC9CEB8-8B4A-11D0-8D11-00A0C91BC942}") = "part4", "lab5_parts\part4\part4.vcxproj", "{9A4F5917-0AEB-4557-BEBF-DF89F903BE77}"
EndProject
Project("{8BC9CEB8-8B4A-11D0-8D11-00A0C91BC942}") = "part5", "lab5_parts\part5\part5.vcxproj", "{BBFC7F5A-73AD-41B9-B614-B48A880D474F}"
EndProject
Project("{8BC9CEB8-8B4A-11D0-8D11-00A0C91BC942}") = "part6", "lab5_parts\part6\part6.vcxproj", "{CD6AA0D7-2192-4660-AD1A-AF941C43C77A}"
EndProject
Project("{8BC9CEB8-8B4A-11D0-8D11-00A0C91BC942}") = "part0_1", "lab4_parts\part0_1\part0_1.vcxproj", "{A376A2B1-28E0-4A5A-9309-2D84D6E03709}"
EndProject
Project("{8BC9CEB8-8B4A-11D0-8D11-00A0C91BC942}") = "part0_2", "lab4_parts\part0_2\part0_2.vcxproj", "{8CCA41FB-B12D-4A6A-8EE5-5ED1BEBFFFF0}"
EndProject
Project("{8BC9CEB8-8B4A-11D0-8D11-00A0C91BC942}") = "part0_3", "lab4_parts\part0_3\part0_3.vcxproj", "{6DE6CFF7-F771-40AF-84E2-0942AA7878DA}"
EndProject
Project("{8BC9CEB8-8B4A-11D0-8D11-00A0C91BC942}") = "part0_4", "lab4_parts\part0_4\part0_4.vcxproj", "{86077CB5-4312-46C7-974D-233FA0E1D622}"
EndProject
Project("{8BC9CEB8-8B4A-11D0-8D11-00A0C91BC942}") = "part0_5", "lab4_parts\part0_5\part0_5.vcxproj", "{FBAD85F9-5353-4933-921E-B9EEB52DB1B5}"
EndProject
Global
	GlobalSection(SolutionConfigurationPlatforms) = preSolution
		Debug|x64 = Debug|x64
		Debug|x86 = Debug|x86
		Release|x64 = Release|x64
		Release|x86 = Release|x86
	EndGlobalSection
	GlobalSection(ProjectConfigurationPlatforms) = postSolution
		{09ABB5B7-FCF9-4B8B-BEDF-7E610DFD8C2C}.Debug|x64.ActiveCfg = Debug|x64
		{09ABB5B7-FCF9-4B8B-BEDF-7E610DFD8C2C}.Debug|x64.Build.0 = Debug|x64
		{09ABB5B7-FCF9-4B8B-BEDF-7E610DFD8C2C}.Debug|x86.ActiveCfg = Debug|Win32
		{09ABB5B7-FCF9-4B8B-BEDF-7E610DFD8C2C}.Debug|x86.Build.0 = Debug|Win32
		{09ABB5B7-FCF9-4B8B-BEDF-7E610DFD8C2C}.Release|x64.ActiveCfg = Release|x64
		{09ABB5B7-FCF9-4B8B-BEDF-7E610DFD8C2C}.Release|x64.Build.0 = Release|x64
		{09ABB5B7-FCF9-4B8B-BEDF-7E610DFD8C2C}.Release|x86.ActiveCfg = Release|Win32
		{09ABB5B7-FCF9-4B8B-BEDF-7E610DFD8C2C}.Release|x86.Build.0 = Release|Win32
		{1A9E6C96-9FC1-4CCC-BEFC-783C830579F3}.Debug|x64.ActiveCfg = Debug|x64
		{1A9E6C96-9FC1-4CCC-BEFC-783C830579F3}.Debug|x64.Build.0 = Debug|x64
		{1A9E6C96-9FC1-4CCC-BEFC-783C830579F3}.Debug|x86.ActiveCfg = Debug|Win32
		{1A9E6C96-9FC1-4CCC-BEFC-783C830579F3}.Debug|x86.Build.0 = Debug|Win32
		{1A9E6C96-9FC1-4CCC-BEFC-783C830579F3}.Release|x64.ActiveCfg = Release|x64
		{1A9E6C96-9FC1-4CCC-BEFC-783C830579F3}.Release|x64.Build.0 = Release|x64
		{1A9E6C96-9FC1-4CCC-BEFC-783C830579F3}.Release|x86.ActiveCfg = Release|Win32
		{1A9E6C96-9FC1-4CCC-BEFC-783C830579F3}.Release|x86.Build.0 = Release|Win32
		{CC80644B-BDDC-41B2-97C5-7A4924398033}.Debug|x64.ActiveCfg = Debug|x64
		{CC80644B-BDDC-41B2-97C5-7A4924398033}.Debug|x64.Build.0 = Debug|x64
		{CC80644B-BDDC-41B2-97C5-7A4924398033}.Debug|x86.ActiveCfg = Debug|Win32
		{CC80644B-BDDC-41B2-97C5-7A4924398033}.Debug|x86.Build.0 = Debug|Win32
		{CC80644B-BDDC-41B2-97C5-7A4924398033}.Release|x64.ActiveCfg = Release|x64
		{CC80644B-BDDC-41B2-97C5-7A4924398033}.Release|x64.Build.0 = Release|x64
		{CC80644B-BDDC-41B2-97C5-7A4924398033}.Release|x86.ActiveCfg = Release|Win32
		{CC80644B-BDDC-41B2-97C5-7A4924398033}.Release|x86.Build.0 = Release|Win32
		{795B0B33-E423-4EDB-8455-D885ACF4DC9B}.Debug|x64.ActiveCfg = Debug|x64
		{795B0B33-E423-4EDB-8455-D885ACF4DC9B}.Debug|x64.Build.0 = Debug|x64
		{795B0B33-E423-4EDB-8455-D885ACF4DC9B}.Debug|x86.ActiveCfg = Debug|Win32
		{795B0B33-E423-4EDB-8455-D885ACF4DC9B}.Debug|x86.Build.0 = Debug|Win32
		{795B0B33-E423-4EDB-8455-D885ACF4DC9B}.Release|x64.ActiveCfg = Release|x64
		{795B0B33-E423-4EDB-8455-D885ACF4DC9B}.Release|x64.Build.0 = Release|x64
		{795B0B33-E423-4EDB-8455-D885ACF4DC9B}.Release|x86.ActiveCfg = Release|Win32
		{795B0B33-E423-4EDB-8455-D885ACF4DC9B}.Release|x86.Build.0 = Release|Win32
		{6ED6AB87-D6ED-45F1-93D0-A0167999A804}.Debug|x64.ActiveCfg = Debug|x64
		{6ED6AB87-D6ED-45F1-93D0-A0167999A804}.Debug|x64.Build.0 = Debug|x64
		{6ED6AB87-D6ED-45F1-93D0-A0167999A804}.Debug|x86.ActiveCfg = Debug|Win32
		{6ED6AB87-D6ED-45F1-93D0-A0167999A804}.Debug|x86.Build.0 = Debug|Win32
		{6ED6AB87-D6ED-45F1-93D0-A0167999A804}.Release|x64.ActiveCfg = Release|x64
		{6ED6AB87-D6ED-45F1-93D0-A0167999A804}.Release|x64.Build.0 = Release|x64
		{6ED6AB87-D6ED-45F1-93D0-A0167999A804}.Release|x86.ActiveCfg = Release|Win32
		{6ED6AB87-D6ED-45F1-93D0-A0167999A804}.Release|x86.Build.0 = Release|Win32
		{2B9AB897-6825-4B89-BE78-F0FADD4294B7}.Debug|x64.ActiveCfg = Debug|x64
		{2B9AB897-6825-4B89-BE78-F0FADD4294B7}.Debug|x64.Build.0 = Debug|x64
		{2B9AB897-6825-4B89-BE78-F0FADD4294B7}.Debug|x86.ActiveCfg = Debug|Win32
		{2B9AB897-6825-4B89-BE78-F0FADD4294B7}.Debug|x86.Build.0 = Debug|Win32
		{2B9AB897-6825-4B89-BE78-F0FADD4294B7}.Release|x64.ActiveCfg = Release|x64
		{2B9AB897-6825-4B89-BE78-F0FADD4294B7}.Release|x64.Build.0 = Release|x64
		{2B9AB897-6825-4B89-BE78-F0FADD4294B7}.Release|x86.ActiveCfg = Release|Win32
		{2B9AB897-6825-4B89-BE78-F0FADD4294B7}.Release|x86.Build.0 = Release|Win32
		{12134FF2-BCDF-4A53-9A12-E938E1A7F5CB}.Debug|x64.ActiveCfg = Debug|x64
		{12134FF2-BCDF-4A53-9A12-E938E1A7F5CB}.Debug|x64.Build.0 = Debug|x64
		{12134FF2-BCDF-4A53-9A12-E938E1A7F5CB}.Debug|x86.ActiveCfg = Debug|Win32
		{12134FF2-BCDF-4A53-9A12-E938E1A7F5CB}.Debug|x86.Build.0 = Debug|Win32
		{12134FF2-BCDF-4A53-9A12-E938E1A7F5CB}.Release|x64.ActiveCfg = Release|x64
		{12134FF2-BCDF-4A53-9A12-E938E1A7F5CB}.Release|x64.Build.0 = Release|x64
		{12134FF2-BCDF-4A53-9A12-E938E1A7F5CB}.Release|x86.ActiveCfg = Release|Win32
		{12134FF2-BCDF-4A53-9A12-E938E1A7F5CB}.Release|x86.Build.0 = Release|Win32
		{1E1C4675-6CD8-4F84-92E9-35687CBC5EBB}.Debug|x64.ActiveCfg = Debug|x64
		{1E1C4675-6CD8-4F84-92E9-35687CBC5EBB}.Debug|x64.Build.0 = Debug|x64
		{1E1C4675-6CD8-4F84-92E9-35687CBC5EBB}.Debug|x86.ActiveCfg = Debug|Win32
		{1E1C4675-6CD8-4F84-92E9-35687CBC5EBB}.Debug|x86.Build.0 = Debug|Win32
		{1E1C4675-6CD8-4F84-92E9-35687CBC5EBB}.Release|x64.ActiveCfg = Release|x64
		{1E1C4675-6CD8-4F84-92E9-35687CBC5EBB}.Release|x64.Build.0 = Release|x64
		{1E1C4675-6CD8-4F84-92E9-35687CBC5EBB}.Release|x86.ActiveCfg = Release|Win32
		{1E1C4675-6CD8-4F84-92E9-35687CBC5EBB}.Release|x86.Build.0 = Release|Win32
		{484E2B8F-5A02-420E-BF50-1934A843E43B}.Debug|x64.ActiveCfg = Debug|x64
		{484E2B8F-5A02-420E-BF50-1934A843E43B}.Debug|x64.Build.0 = Debug|x64
		{484E2B8F-5A02-420E-BF50-1934A843E43B}.Debug|x86.ActiveCfg = Debug|Win32
		{484E2B8F-5A02-420E-BF50-1934A843E43B}.Debug|x86.Build.0 = Debug|Win32
		{484E2B8F-5A02-420E-BF50-1934A843E43B}.Release|x64.ActiveCfg = Release|x64
		{484E2B8F-5A02-420E-BF50-1934A843E43B}.Release|x64.Build.0 = Release|x64
		{484E2B8F-5A02-420E-BF50-1934A843E43B}.Release|x86.ActiveCfg = Release|Win32
		{484E2B8F-5A02-420E-BF50-1934A843E43B}.Release|x86.Build.0 = Release|Win32
		{A8C055F1-F6FD-46D6-8D83-5281F5A07A1C}.Debug|x64.ActiveCfg = Debug|x64
		{A8C055F1-F6FD-46D6-8D83-5281F5A07A1C}.Debug|x64.Build.0 = Debug|x64
		{A8C055F1-F6FD-46D6-8D83-5281F5A07A1C}.Debug|x86.ActiveCfg = Debug|Win32
		{A8C055F1-F6FD-46D6-8D83-5281F5A07A1C}.Debug|x86.Build.0 = Debug|Win32
		{A8C055F1-F6FD-46D6-8D83-5281F5A07A1C}.Release|x64.ActiveCfg = Release|x64
		{A8C055F1-F6FD-46D6-8D83-5281F5A07A1C}.Release|x64.Build.0 = Release|x64
		{A8C055F1-F6FD-46D6-8D83-5281F5A07A1C}.Release|x86.ActiveCfg = Release|Win32
		{A8C055F1-F6FD-46D6-8D83-5281F5A07A1C}.Release|x86.Build.0 = Release|Win32
		{981467B3-CE4A-4B28-8925-47B5B940A25C}.Debug|x64.ActiveCfg = Debug|x64
		{981467B3-CE4A-4B28-8925-47B5B940A25C}.Debug|x64.Build.0 = Debug|x64
		{981467B3-CE4A-4B28-8925-47B5B940A25C}.Debug|x86.ActiveCfg = Debug|Win32
		{981467B3-CE4A-4B28-8925-47B5B940A25C}.Debug|x86.Build.0 = Debug|Win32
		{981467B3-CE4A-4B28-8925-47B5B940A25C}.Release|x64.ActiveCfg = Release|x64
		{981467B3-CE4A-4B28-8925-47B5B940A25C}.Release|x64.Build.0 = Release|x64
		{981467B3-CE4A-4B28-8925-47B5B940A25C}.Release|x86.ActiveCfg = Release|Win32
		{981467B3-CE4A-4B28-8925-47B5B940A25C}.Release|x86.Build.0 = Release|Win32
		{A5ED8B71-D28D-4A01-81A8-0255A8D5E07E}.Debug|x64.ActiveCfg = Debug|x64
		{A5ED8B71-D28D-4A01-81A8-0255A8D5E07E}.Debug|x64.Build.0 = Debug|x64
		{A5ED8B71-D28D-4A01-81A8-0255A8D5E07E}.Debug|x86.ActiveCfg = Debug|Win32
		{A5ED8B71-D28D-4A01-81A8-0255A8D5E07E}.Debug|x86.Build.0 = Debug|Win32
		{A5ED8B71-D28D-4A01-81A8-0255A8D5E07E}.Release|x64.ActiveCfg = Release|x64
		{A5ED8B71-D28D-4A01-81A8-0255A8D5E07E}.Release|x64.Build.0 = Release|x64
		{A5ED8B71-D28D-4A01-81A8-0255A8D5E07E}.Release|x86.ActiveCfg = Release|Win32
		{A5ED8B71-D28D-4A01-81A8-0255A8D5E07E}.Release|x86.Build.0 = Release|Win32
		{82AF16A1-E7CF-4E2E-9199-D73CB5EB3218}.Debug|x64.ActiveCfg = Debug|x64
		{82AF16A1-E7CF-4E2E-9199-D73CB5EB3218}.Debug|x64.Build.0 = Debug|x64
		{82AF16A1-E7CF-4E2E-9199-D73CB5EB3218}.Debug|x86.ActiveCfg = Debug|Win32
		{82AF16A1-E7CF-4E2E-9199-D73CB5EB3218}.Debug|x86.Build.0 = Debug|Win32
		{82AF16A1-E7CF-4E2E-9199-D73CB5EB3218}.Release|x64.ActiveCfg = Release|x64
		{82AF16A1-E7CF-4E2E-9199-D73CB5EB3218}.Release|x64.Build.0 = Release|x64
		{82AF16A1-E7CF-4E2E-9199-D73CB5EB3218}.Release|x86.ActiveCfg = Release|Win32
		{82AF16A1-E7CF-4E2E-9199-D73CB5EB3218}.Release|x86.Build.0 = Release|Win32
		{E2426C08-2C6C-44C8-A0BA-3F7F2E96E624}.Debug|x64.ActiveCfg = Debug|x64
		{E2426C08-2C6C-44C8-A0BA-3F7F2E96E624}.Debug|x64.Build.0 = Debug|x64
		{E2426C08-2C6C-44C8-A0BA-3F7F2E96E624}.Debug|x86.ActiveCfg = Debug|Win32
		{E2426C08-2C6C-44C8-A0BA-3F7F2E96E624}.Debug|x86.Build.0 = Debug|Win32
		{E2426C08-2C6C-44C8-A0BA-3F7F2E96E624}.Release|x64.ActiveCfg = Release|x64
		{E2426C08-2C6C-44C8-A0BA-3F7F2E96E624}.Release|x64.Build.0 = Release|x64
		{E2426C08-2C6C-44C8-A0BA-3F7F2E96E624}.Release|x86.ActiveCfg = Release|Win32
		{E2426C08-2C6C-44C8-A0BA-3F7F2E96E624}.Release|x86.Build.0 = Release|Win32
		{B651DD84-6659-4D1D-87A2-6568598E5A66}.Debug|x64.ActiveCfg = Debug|x64
		{B651DD84-6659-4D1D-87A2-6568598E5A66}.Debug|x64.Build.0 = Debug|x64
		{B651DD84-6659-4D1D-87A2-6568598E5A66}.Debug|x86.ActiveCfg = Debug|Win32
		{B651DD84-6659-4D1D-87A2-6568598E5A66}.Debug|x86.Build.0 = Debug|Win32
		{B651DD84-6659-4D1D-87A2-6568598E5A66}.Release|x64.ActiveCfg = Release|x64
		{B651DD84-6659-4D1D-87A2-6568598E5A66}.Release|x64.Build.0 = Release|x64
		{B651DD84-6659-4D1D-87A2-6568598E5A66}.Release|x86.ActiveCfg = Release|Win32
		{B651DD84-6659-4D1D-87A2-6568598E5A66}.Release|x86.Build.0 = Release|Win32
		{92B86DDB-64A1-4721-8E16-39BE90FE600D}.Debug|x64.ActiveCfg = Debug|x64
		{92B86DDB-64A1-4721-8E16-39BE90FE600D}.Debug|x64.Build.0 = Debug|x64
		{92B86DDB-64A1-4721-8E16-39BE90FE600D}.Debug|x86.ActiveCfg = Debug|Win32
		{92B86DDB-64A1-4721-8E16-39BE90FE600D}.Debug|x86.Build.0 = Debug|Win32
		{92B86DDB-64A1-4721-8E16-39BE90FE600D}.Release|x64.ActiveCfg = Release|x64
		{92B86DDB-64A1-4721-8E16-39BE90FE600D}.Release|x64.Build.0 = Release|x64
		{92B86DDB-64A1-4721-8E16-39BE90FE600D}.Release|x86.ActiveCfg = Release|Win32
		{92B86DDB-64A1-4721-8E16-39BE90FE600D}.Release|x86.Build.0 = Release|Win32
		{3CE61F70-6577-4719-8D71-330446F5D8C9}.Debug|x64.ActiveCfg = Debug|x64
		{3CE61F70-6577-4719-8D71-330446F5D8C9}.Debug|x64.Build.0 = Debug|x64
		{3CE61F70-6577-4719-8D71-330446F5D8C9}.Debug|x86.ActiveCfg = Debug|Win32
		{3CE61F70-6577-4719-8D71-330446F5D8C9}.Debug|x86.Build.0 = Debug|Win32
		{3CE61F70-6577-4719-8D71-330446F5D8C9}.Release|x64.ActiveCfg = Release|x64
		{3CE61F70-6577-4719-8D71-330446F5D8C9}.Release|x64.Build.0 = Release|x64
		{3CE61F70-6577-4719-8D71-330446F5D8C9}.Release|x86.ActiveCfg = Release|Win32
		{3CE61F70-6577-4719-8D71-330446F5D8C9}.Release|x86.Build.0 = Release|Win32
		{C5C2F34A-C897-4D7C-9409-C5C3F8D3F584}.Debug|x64.ActiveCfg = Debug|x64
		{C5C2F34A-C897-4D7C-9409-C5C3F8D3F584}.Debug|x64.Build.0 = Debug|x64
		{C5C2F34A-C897-4D7C-9409-C5C3F8D3F584}.Debug|x86.ActiveCfg = Debug|Win32
		{C5C2F34A-C897-4D7C-9409-C5C3F8D3F584}.Debug|x86.Build.0 = Debug|Win32
		{C5C2F34A-C897-4D7C-9409-C5C3F8D3F584}.Release|x64.ActiveCfg = Release|x64
		{C5C2F34A-C897-4D7C-9409-C5C3F8D3F584}.Release|x64.Build.0 = Release|x64
		{C5C2F34A-C897-4D7C-9409-C5C3F8D3F584}.Release|x86.ActiveCfg = Release|Win32
		{C5C2F34A-C897-4D7C-9409-C5C3F8D3F584}.Release|x86.Build.0 = Release|Win32
		{0CD34B62-B2BA-4D94-9D0D-8D2A86900399}.Debug|x64.ActiveCfg = Debug|x64
		{0CD34B62-B2BA-4D94-9D0D-8D2A86900399}.Debug|x64.Build.0 = Debug|x64
		{0CD34B62-B2BA-4D94-9D0D-8D2A86900399}.Debug|x86.ActiveCfg = Debug|Win32
		{0CD34B62-B2BA-4D94-9D0D-8D2A86900399}.Debug|x86.Build.0 = Debug|Win32
		{0CD34B62-B2BA-4D94-9D0D-8D2A86900399}.Release|x64.ActiveCfg = Release|x64
		{0CD34B62-B2BA-4D94-9D0D-8D2A86900399}.Release|x64.Build.0 = Release|x64
		{0CD34B62-B2BA-4D94-9D0D-8D2A86900399}.Release|x86.ActiveCfg = Release|Win32
		{0CD34B62-B2BA-4D94-9D0D-8D2A86900399}.Release|x86.Build.0 = Release|Win32
		{B0C6C585-23A4-45D6-8862-F4F86BB3C3D6}.Debug|x64.ActiveCfg = Debug|x64
		{B0C6C585-23A4-45D6-8862-F4F86BB3C3D6}.Debug|x64.Build.0 = Debug|x64
		{B0C6C585-23A4-45D6-8862-F4F86BB3C3D6}.Debug|x86.ActiveCfg = Debug|Win32
		{B0C6C585-23A4-45D6-8862-F4F86BB3C3D6}.Debug|x86.Build.0 = Debug|Win32
		{B0C6C585-23A4-45D6-8862-F4F86BB3C3D6}.Release|x64.ActiveCfg = Release|x64
		{B0C6C585-23A4-45D6-8862-F4F86BB3C3D6}.Release|x64.Build.0 = Release|x64
		{B0C6C585-23A4-45D6-8862-F4F86BB3C3D6}.Release|x86.ActiveCfg = Release|Win32
		{B0C6C585-23A4-45D6-8862-F4F86BB3C3D6}.Release|x86.Build.0 = Release|Win32
		{134EE2F7-31E7-4413-BF85-90F525762F23}.Debug|x64.ActiveCfg = Debug|x64
		{134EE2F7-31E7-4413-BF85-90F525762F23}.Debug|x64.Build.0 = Debug|x64
		{134EE2F7-31E7-4413-BF85-90F525762F23}.Debug|x86.ActiveCfg = Debug|Win32
		{134EE2F7-31E7-4413-BF85-90F525762F23}.Debug|x86.Build.0 = Debug|Win32
		{134EE2F7-31E7-4413-BF85-90F525762F23}.Release|x64.ActiveCfg = Release|x64
		{134EE2F7-31E7-4413-BF85-90F525762F23}.Release|x64.Build.0 = Release|x64
		{134EE2F7-31E7-4413-BF85-90F525762F23}.Release|x86.ActiveCfg = Release|Win32
		{134EE2F7-31E7-4413-BF85-90F525762F23}.Release|x86.Build.0 = Release|Win32
		{9A4F5917-0AEB-4557-BEBF-DF89F903BE77}.Debug|x64.ActiveCfg = Debug|x64
		{9A4F5917-0AEB-4557-BEBF-DF89F903BE77}.Debug|x64.Build.0 = Debug|x64
		{9A4F5917-0AEB-4557-BEBF-DF89F903BE77}.Debug|x86.ActiveCfg = Debug|Win32
		{9A4F5917-0AEB-4557-BEBF-DF89F903BE77}.Debug|x86.Build.0 = Debug|Win32
		{9A4F5917-0AEB-4557-BEBF-DF89F903BE77}.Release|x64.ActiveCfg = Release|x64
		{9A4F5917-0AEB-4557-BEBF-DF89F903BE77}.Release|x64.Build.0 = Release|x64
		{9A4F5917-0AEB-4557-BEBF-DF89F903BE77}.Release|x86.ActiveCfg = Release|Win32
		{9A4F5917-0AEB-4557-BEBF-DF89F903BE77}.Release|x86.Build.0 = Release|Win32
		{BBFC7F5A-73AD-41B9-B614-B48A880D474F}.Debug|x64.ActiveCfg = Debug|x64
		{BBFC7F5A-73AD-41B9-B614-B48A880D474F}.Debug|x64.Build.0 = Debug|x64
		{BBFC7F5A-73AD-41B9-B614-B48A880D474F}.Debug|x86.ActiveCfg = Debug|Win32
		{BBFC7F5A-73AD-41B9-B614-B48A880D474F}.Debug|x86.Build.0 = Debug|Win32
		{BBFC7F5A-73AD-41B9-B614-B48A880D474F}.Release|x64.ActiveCfg = Release|x64
		{BBFC7F5A-73AD-41B9-B614-B48A880D474F}.Release|x64.Build.0 = Release|x64
		{BBFC7F5A-73AD-41B9-B614-B48A880D474F}.Release|x86.ActiveCfg = Release|Win32
		{BBFC7F5A-73AD-41B9-B614-B48A880D474F}.Release|x86.Build.0 = Release|Win32
		{CD6AA0D7-2192-4660-AD1A-AF941C43C77A}.Debug|x64.ActiveCfg = Debug|x64
		{CD6AA0D7-2192-4660-AD1A-AF941C43C77A}.Debug|x64.Build.0 = Debug|x64
		{CD6AA0D7-2192-4660-AD1A-AF941C43C77A}.Debug|x86.ActiveCfg = Debug|Win32
		{CD6AA0D7-2192-4660-AD1A-AF941C43C77A}.Debug|x86.Build.0 = Debug|Win32
		{CD6AA0D7-2192-4660-AD1A-AF941C43C77A}.Release|x64.ActiveCfg = Release|x64
		{CD6AA0D7-2192-4660-AD1A-AF941C43C77A}.Release|x64.Build.0 = Release|x64
		{CD6AA0D7-2192-4660-AD1A-AF941C43C77A}.Release|x86.ActiveCfg = Release|Win32
		{CD6AA0D7-2192-4660-AD1A-AF941C43C77A}.Release|x86.Build.0 = Release|Win32
		{A376A2B1-28E0-4A5A-9309-2D84D6E03709}.Debug|x64.ActiveCfg = Debug|x64
		{A376A2B1-28E0-4A5A-9309-2D84D6E03709}.Debug|x64.Build.0 = Debug|x64
		{A376A2B1-28E0-4A5A-9309-2D84D6E03709}.Debug|x86.ActiveCfg = Debug|Win32
		{A376A2B1-28E0-4A5A-9309-2D84D6E03709}.Debug|x86.Build.0 = Debug|Win32
		{A376A2B1-28E0-4A5A-9309-2D84D6E03709}.Release|x64.ActiveCfg = Release|x64
		{A376A2B1-28E0-4A5A-9309-2D84D6E03709}.Release|x64.Build.0 = Release|x64
		{A376A2B1-28E0-4A5A-9309-2D84D6E03709}.Release|x86.ActiveCfg = Release|Win32
		{A376A2B1-28E0-4A5A-9309-2D84D6E03709}.Release|x86.Build.0 = Release|Win32
		{8CCA41FB-B12D-4A6A-8EE5-5ED1BEBFFFF0}.Debug|x64.ActiveCfg = Debug|x64
		{8CCA41FB-B12D-4A6A-8EE5-5ED1BEBFFFF0}.Debug|x64.Build.0 = Debug|x64
		{8CCA41FB-B12D-4A6A-8EE5-5ED1BEBFFFF0}.Debug|x86.ActiveCfg = Debug|Win32
		{8CCA41FB-B12D-4A6A-8EE5-5ED1BEBFFFF0}.Debug|x86.Build.0 = Debug|Win32
		{8CCA41FB-B12D-4A6A-8EE5-5ED1BEBFFFF0}.Release|x64.ActiveCfg = Release|x64
		{8CCA41FB-B12D-4A6A-8EE5-5ED1BEBFFFF0}.Release|x64.Build.0 = Release|x64
		{8CCA41FB-B12D-4A6A-8EE5-5ED1BEBFFFF0}.Release|x86.ActiveCfg = Release|Win32
		{8CCA41FB-B12D-4A6A-8EE5-5ED1BEBFFFF0}.Release|x86.Build.0 = Release|Win32
		{6DE6CFF7-F771-40AF-84E2-0942AA7878DA}.Debug|x64.ActiveCfg = Debug|x64
		{6DE6CFF7-F771-40AF-84E2-0942AA7878DA}.Debug|x64.Build.0 = Debug|x64
		{6DE6CFF7-F771-40AF-84E2-0942AA7878DA}.Debug|x86.ActiveCfg = Debug|Win32
		{6DE6CFF7-F771-40AF-84E2-0942AA7878DA}.Debug|x86.Build.0 = Debug|Win32
		{6DE6CFF7-F771-40AF-84E2-0942AA7878DA}.Release|x64.ActiveCfg = Release|x64
		{6DE6CFF7-F771-40AF-84E2-0942AA7878DA}.Release|x64.Build.0 = Release|x64
		{6DE6CFF7-F771-40AF-84E2-0942AA7878DA}.Release|x86.ActiveCfg = Release|Win32
		{6DE6CFF7-F771-40AF-84E2-0942AA7878DA}.Release|x86.Build.0 = Release|Win32
		{86077CB5-4312-46C7-974D-233FA0E1D622}.Debug|x64.ActiveCfg = Debug|x64
		{86077CB5-4312-46C7-974D-233FA0E1D622}.Debug|x64.Build.0 = Debug|x64
		{86077CB5-4312-46C7-974D-233FA0E1D622}.Debug|x86.ActiveCfg = Debug|Win32
		{86077CB5-4312-46C7-974D-233FA0E1D622}.Debug|x86.Build.0 = Debug|Win32
		{86077CB5-4312-46C7-974D-233FA0E1D622}.Release|x64.ActiveCfg = Release|x64
		{86077CB5-4312-46C7-974D-233FA0E1D622}.Release|x64.Build.0 = Release|x64
		{86077CB5-4312-46C7-974D-233FA0E1D622}.Release|x86.ActiveCfg = Release|Win32
		{86077CB5-4312-46C7-974D-233FA0E1D622}.Release|x86.Build.0 = Release|Win32
		{FBAD85F9-5353-4933-921E-B9EEB52DB1B5}.Debug|x64.ActiveCfg = Debug|x64
		{FBAD85F9-5353-4933-921E-B9EEB52DB1B5}.Debug|x64.Build.0 = Debug|x64
		{FBAD85F9-5353-4933-921E-B9EEB52DB1B5}.Debug|x86.ActiveCfg = Debug|Win32
		{FBAD85F9-5353-4933-921E-B9EEB52DB1B5}.Debug|x86.Build.0 = Debug|Win32
		{FBAD85F9-5353-4933-921E-B9EEB52DB1B5}.Release|x64.ActiveCfg = Release|x64
		{FBAD85F9-5353-4933-921E-B9EEB52DB1B5}.Release|x64.Build.0 = Release|x64
		{FBAD85F9-5353-4933-921E-B9EEB52DB1B5}.Release|x86.ActiveCfg = Release|Win32
		{FBAD85F9-5353-4933-921E-B9EEB52DB1B5}.Release|x86.Build.0 = Release|Win32
	EndGlobalSection
	GlobalSection(SolutionProperties) = preSolution
		HideSolutionNode = FALSE
	EndGlobalSection
	GlobalSection(NestedProjects) = preSolution
		{09ABB5B7-FCF9-4B8B-BEDF-7E610DFD8C2C} = {DC7FED7E-34BE-4226-BB67-7CF617318217}
		{1A9E6C96-9FC1-4CCC-BEFC-783C830579F3} = {DC7FED7E-34BE-4226-BB67-7CF617318217}
		{CC80644B-BDDC-41B2-97C5-7A4924398033} = {DC7FED7E-34BE-4226-BB67-7CF617318217}
		{795B0B33-E423-4EDB-8455-D885ACF4DC9B} = {DC7FED7E-34BE-4226-BB67-7CF617318217}
		{6ED6AB87-D6ED-45F1-93D0-A0167999A804} = {DC7FED7E-34BE-4226-BB67-7CF617318217}
		{2B9AB897-6825-4B89-BE78-F0FADD4294B7} = {DC7FED7E-34BE-4226-BB67-7CF617318217}
		{12134FF2-BCDF-4A53-9A12-E938E1A7F5CB} = {E835DBAD-220D-4E34-ABA8-1F198EEFF239}
		{1E1C4675-6CD8-4F84-92E9-35687CBC5EBB} = {E835DBAD-220D-4E34-ABA8-1F198EEFF239}
		{484E2B8F-5A02-420E-BF50-1934A843E43B} = {E835DBAD-220D-4E34-ABA8-1F198EEFF239}
		{A8C055F1-F6FD-46D6-8D83-5281F5A07A1C} = {E835DBAD-220D-4E34-ABA8-1F198EEFF239}
		{981467B3-CE4A-4B28-8925-47B5B940A25C} = {E835DBAD-220D-4E34-ABA8-1F198EEFF239}
		{A5ED8B71-D28D-4A01-81A8-0255A8D5E07E} = {E835DBAD-220D-4E34-ABA8-1F198EEFF239}
		{82AF16A1-E7CF-4E2E-9199-D73CB5EB3218} = {E835DBAD-220D-4E34-ABA8-1F198EEFF239}
		{E2426C08-2C6C-44C8-A0BA-3F7F2E96E624} = {78A0C13E-7BEA-40D7-BDDB-DB4D1AC2CD32}
		{B651DD84-6659-4D1D-87A2-6568598E5A66} = {78A0C13E-7BEA-40D7-BDDB-DB4D1AC2CD32}
		{92B86DDB-64A1-4721-8E16-39BE90FE600D} = {78A0C13E-7BEA-40D7-BDDB-DB4D1AC2CD32}
		{3CE61F70-6577-4719-8D71-330446F5D8C9} = {78A0C13E-7BEA-40D7-BDDB-DB4D1AC2CD32}
		{C5C2F34A-C897-4D7C-9409-C5C3F8D3F584} = {607C17C0-4064-4261-AF4B-00F73F34F94C}
		{0CD34B62-B2BA-4D94-9D0D-8D2A86900399} = {D3DE6D73-43DC-40A9-BBE6-84778F99A54D}
		{B0C6C585-23A4-45D6-8862-F4F86BB3C3D6} = {D3DE6D73-43DC-40A9-BBE6-84778F99A54D}
		{134EE2F7-31E7-4413-BF85-90F525762F23} = {D3DE6D73-43DC-40A9-BBE6-84778F99A54D}
		{9A4F5917-0AEB-4557-BEBF-DF89F903BE77} = {D3DE6D73-43DC-40A9-BBE6-84778F99A54D}
		{BBFC7F5A-73AD-41B9-B614-B48A880D474F} = {D3DE6D73-43DC-40A9-BBE6-84778F99A54D}
		{CD6AA0D7-2192-4660-AD1A-AF941C43C77A} = {D3DE6D73-43DC-40A9-BBE6-84778F99A54D}
		{A376A2B1-28E0-4A5A-9309-2D84D6E03709} = {607C17C0-4064-4261-AF4B-00F73F34F94C}
		{8CCA41FB-B12D-4A6A-8EE5-5ED1BEBFFFF0} = {607C17C0-4064-4261-AF4B-00F73F34F94C}
		{6DE6CFF7-F771-40AF-84E2-0942AA7878DA} = {607C17C0-4064-4261-AF4B-00F73F34F94C}
		{86077CB5-4312-46C7-974D-233FA0E1D622} = {607C17C0-4064-4261-AF4B-00F73F34F94C}
		{FBAD85F9-5353-4933-921E-B9EEB52DB1B5} = {607C17C0-4064-4261-AF4B-00F73F34F94C}
	EndGlobalSection
	GlobalSection(ExtensibilityGlobals) = postSolution
		SolutionGuid = {9C7F3903-A0A0-4E3D-A8E1-492153A20112}
	EndGlobalSection
EndGlobal
